
Microsoft Visual Studio Solution File, Format Version 12.00
# Visual Studio Version 16
VisualStudioVersion = 16.0.30225.117
MinimumVisualStudioVersion = 10.0.40219.1
Project("{9A19103F-16F7-4668-BE54-9A1E7A4F7556}") = "VoltTools", "voltTools\VoltTools.csproj", "{81265240-AC37-4D4F-AA0A-D93AB02A038C}"
EndProject
Project("{9A19103F-16F7-4668-BE54-9A1E7A4F7556}") = "CD.Common", "CD.Routing\CD.Common.csproj", "{FF8BB054-C88C-4CBB-88E9-0574E9D562B6}"
EndProject
Project("{FAE04EC0-301F-11D3-BF4B-00C04F79EFBC}") = "NUnitTestProject", "NUnitTestProject\NUnitTestProject.csproj", "{4B420189-553A-4B86-82C8-9EC105566A6F}"
EndProject
Global
	GlobalSection(SolutionConfigurationPlatforms) = preSolution
		Debug|Any CPU = Debug|Any CPU
		Release|Any CPU = Release|Any CPU
	EndGlobalSection
	GlobalSection(ProjectConfigurationPlatforms) = postSolution
		{81265240-AC37-4D4F-AA0A-D93AB02A038C}.Debug|Any CPU.ActiveCfg = Debug|Any CPU
		{81265240-AC37-4D4F-AA0A-D93AB02A038C}.Debug|Any CPU.Build.0 = Debug|Any CPU
		{81265240-AC37-4D4F-AA0A-D93AB02A038C}.Release|Any CPU.ActiveCfg = Release|Any CPU
		{81265240-AC37-4D4F-AA0A-D93AB02A038C}.Release|Any CPU.Build.0 = Release|Any CPU
		{FF8BB054-C88C-4CBB-88E9-0574E9D562B6}.Debug|Any CPU.ActiveCfg = Debug|Any CPU
		{FF8BB054-C88C-4CBB-88E9-0574E9D562B6}.Debug|Any CPU.Build.0 = Debug|Any CPU
		{FF8BB054-C88C-4CBB-88E9-0574E9D562B6}.Release|Any CPU.ActiveCfg = Release|Any CPU
		{FF8BB054-C88C-4CBB-88E9-0574E9D562B6}.Release|Any CPU.Build.0 = Release|Any CPU
		{4B420189-553A-4B86-82C8-9EC105566A6F}.Debug|Any CPU.ActiveCfg = Debug|Any CPU
		{4B420189-553A-4B86-82C8-9EC105566A6F}.Debug|Any CPU.Build.0 = Debug|Any CPU
		{4B420189-553A-4B86-82C8-9EC105566A6F}.Release|Any CPU.ActiveCfg = Release|Any CPU
		{4B420189-553A-4B86-82C8-9EC105566A6F}.Release|Any CPU.Build.0 = Release|Any CPU
	EndGlobalSection
	GlobalSection(SolutionProperties) = preSolution
		HideSolutionNode = FALSE
	EndGlobalSection
	GlobalSection(ExtensibilityGlobals) = postSolution
		SolutionGuid = {7614282C-F7C4-430D-990F-61E73A58797E}
	EndGlobalSection
EndGlobal
